
Microsoft Visual Studio Solution File, Format Version 12.00
# Visual Studio Version 17
VisualStudioVersion = 17.6.33829.357
MinimumVisualStudioVersion = 10.0.40219.1
Project("{FAE04EC0-301F-11D3-BF4B-00C04F79EFBC}") = "CsvToListView.Android", "CsvToListView\CsvToListView.Android\CsvToListView.Android.csproj", "{EFC923C9-F213-4FFF-AA78-4428BF9C3632}"
EndProject
Project("{FAE04EC0-301F-11D3-BF4B-00C04F79EFBC}") = "CsvToListView", "CsvToListView\CsvToListView\CsvToListView.csproj", "{87E0A937-93DF-4FAD-993E-2586AE5991B0}"
EndProject
Global
	GlobalSection(SolutionConfigurationPlatforms) = preSolution
		Debug|Any CPU = Debug|Any CPU
		Release|Any CPU = Release|Any CPU
	EndGlobalSection
	GlobalSection(ProjectConfigurationPlatforms) = postSolution
		{EFC923C9-F213-4FFF-AA78-4428BF9C3632}.Debug|Any CPU.ActiveCfg = Debug|Any CPU
		{EFC923C9-F213-4FFF-AA78-4428BF9C3632}.Debug|Any CPU.Build.0 = Debug|Any CPU
		{EFC923C9-F213-4FFF-AA78-4428BF9C3632}.Debug|Any CPU.Deploy.0 = Debug|Any CPU
		{EFC923C9-F213-4FFF-AA78-4428BF9C3632}.Release|Any CPU.ActiveCfg = Release|Any CPU
		{EFC923C9-F213-4FFF-AA78-4428BF9C3632}.Release|Any CPU.Build.0 = Release|Any CPU
		{EFC923C9-F213-4FFF-AA78-4428BF9C3632}.Release|Any CPU.Deploy.0 = Release|Any CPU
		{87E0A937-93DF-4FAD-993E-2586AE5991B0}.Debug|Any CPU.ActiveCfg = Debug|Any CPU
		{87E0A937-93DF-4FAD-993E-2586AE5991B0}.Debug|Any CPU.Build.0 = Debug|Any CPU
		{87E0A937-93DF-4FAD-993E-2586AE5991B0}.Debug|Any CPU.Deploy.0 = Debug|Any CPU
		{87E0A937-93DF-4FAD-993E-2586AE5991B0}.Release|Any CPU.ActiveCfg = Release|Any CPU
		{87E0A937-93DF-4FAD-993E-2586AE5991B0}.Release|Any CPU.Build.0 = Release|Any CPU
		{87E0A937-93DF-4FAD-993E-2586AE5991B0}.Release|Any CPU.Deploy.0 = Release|Any CPU
	EndGlobalSection
	GlobalSection(SolutionProperties) = preSolution
		HideSolutionNode = FALSE
	EndGlobalSection
	GlobalSection(ExtensibilityGlobals) = postSolution
		SolutionGuid = {3C87B0CD-762D-4B0C-A6C9-90B34277A7F2}
	EndGlobalSection
EndGlobal
